// !$*UTF8*$!
{
	archiveVersion = 1;
	classes = {
	};
	objectVersion = 50;
	objects = {

/* Begin PBXBuildFile section */
		1135C36222327745002C9C80 /* signupVC.swift in Sources */ = {isa = PBXBuildFile; fileRef = 1135C36122327745002C9C80 /* signupVC.swift */; };
		1137EC91223B584A00F03C4E /* HomeVC.swift in Sources */ = {isa = PBXBuildFile; fileRef = 1137EC90223B584A00F03C4E /* HomeVC.swift */; };
		1137ECD322436F6100F03C4E /* MemberUpdataVC.swift in Sources */ = {isa = PBXBuildFile; fileRef = 1137ECD222436F6100F03C4E /* MemberUpdataVC.swift */; };
		1137ECD7224479BB00F03C4E /* FavoriteTVC.swift in Sources */ = {isa = PBXBuildFile; fileRef = 1137ECD6224479BB00F03C4E /* FavoriteTVC.swift */; };
		1137ECD92244CB1C00F03C4E /* Good.swift in Sources */ = {isa = PBXBuildFile; fileRef = 1137ECD82244CB1400F03C4E /* Good.swift */; };
		1137ECFB2248ACB500F03C4E /* MapVC.swift in Sources */ = {isa = PBXBuildFile; fileRef = 1137ECFA2248ACB500F03C4E /* MapVC.swift */; };
		1137ECFE2248AE4200F03C4E /* Spot.swift in Sources */ = {isa = PBXBuildFile; fileRef = 1137ECFD2248AE4200F03C4E /* Spot.swift */; };
		1137ED002248B0C300F03C4E /* DetailVC.swift in Sources */ = {isa = PBXBuildFile; fileRef = 1137ECFF2248B0C300F03C4E /* DetailVC.swift */; };
		11460BA3223547A70046DF35 /* memberVC.swift in Sources */ = {isa = PBXBuildFile; fileRef = 11460BA2223547A70046DF35 /* memberVC.swift */; };
		11460BA522354BCC0046DF35 /* loginVC.swift in Sources */ = {isa = PBXBuildFile; fileRef = 11460BA422354BCC0046DF35 /* loginVC.swift */; };
		1152F3B5224A2BE000C96CCF /* Map2VC.swift in Sources */ = {isa = PBXBuildFile; fileRef = 1152F3B4224A2BE000C96CCF /* Map2VC.swift */; };
		115832072239078900C4522C /* Common.swift in Sources */ = {isa = PBXBuildFile; fileRef = 115832062239078900C4522C /* Common.swift */; };
		11583209223A344900C4522C /* User.swift in Sources */ = {isa = PBXBuildFile; fileRef = 11583208223A344900C4522C /* User.swift */; };
		1841177D224A17BE00D878D5 /* ManTableViewCell.swift in Sources */ = {isa = PBXBuildFile; fileRef = 1841177A224A17BE00D878D5 /* ManTableViewCell.swift */; };
		1841177E224A17BE00D878D5 /* ManCollectionViewCell.swift in Sources */ = {isa = PBXBuildFile; fileRef = 1841177B224A17BE00D878D5 /* ManCollectionViewCell.swift */; };
		1841177F224A17BE00D878D5 /* ManTableViewController.swift in Sources */ = {isa = PBXBuildFile; fileRef = 1841177C224A17BE00D878D5 /* ManTableViewController.swift */; };
		18411781224B0C4800D878D5 /* HomeCollectionViewController.swift in Sources */ = {isa = PBXBuildFile; fileRef = 18411780224B0C4800D878D5 /* HomeCollectionViewController.swift */; };
		18411785224B135D00D878D5 /* HomeCollectionViewCell.swift in Sources */ = {isa = PBXBuildFile; fileRef = 18411784224B135D00D878D5 /* HomeCollectionViewCell.swift */; };
		185620202240E0F80016EB44 /* WomanTableViewController.swift in Sources */ = {isa = PBXBuildFile; fileRef = 1856201F2240E0F80016EB44 /* WomanTableViewController.swift */; };
		185620222240E1940016EB44 /* WomanTableViewCell.swift in Sources */ = {isa = PBXBuildFile; fileRef = 185620212240E1940016EB44 /* WomanTableViewCell.swift */; };
		185620242240E2AC0016EB44 /* WomanCollectionviewCell.swift in Sources */ = {isa = PBXBuildFile; fileRef = 185620232240E2AC0016EB44 /* WomanCollectionviewCell.swift */; };
		188A8F5D224FB6F200F68CA6 /* ManagerGooddetailViewController.swift in Sources */ = {isa = PBXBuildFile; fileRef = 188A8F5B224FB6F100F68CA6 /* ManagerGooddetailViewController.swift */; };
		188A8F5E224FB6F200F68CA6 /* ManagerHomeViewController.swift in Sources */ = {isa = PBXBuildFile; fileRef = 188A8F5C224FB6F100F68CA6 /* ManagerHomeViewController.swift */; };
		188A8F67224FB72300F68CA6 /* ManagerHomeCollectionViewController.swift in Sources */ = {isa = PBXBuildFile; fileRef = 188A8F5F224FB72300F68CA6 /* ManagerHomeCollectionViewController.swift */; };
		188A8F68224FB72300F68CA6 /* ManagerWomanCollectionViewCell.swift in Sources */ = {isa = PBXBuildFile; fileRef = 188A8F60224FB72300F68CA6 /* ManagerWomanCollectionViewCell.swift */; };
		188A8F69224FB72300F68CA6 /* ManagerManTableViewController.swift in Sources */ = {isa = PBXBuildFile; fileRef = 188A8F61224FB72300F68CA6 /* ManagerManTableViewController.swift */; };
		188A8F6A224FB72300F68CA6 /* ManagerHomeCollectionViewCell.swift in Sources */ = {isa = PBXBuildFile; fileRef = 188A8F62224FB72300F68CA6 /* ManagerHomeCollectionViewCell.swift */; };
		188A8F6B224FB72300F68CA6 /* ManagerManTableViewCell.swift in Sources */ = {isa = PBXBuildFile; fileRef = 188A8F63224FB72300F68CA6 /* ManagerManTableViewCell.swift */; };
		188A8F6C224FB72300F68CA6 /* ManagerManCollectionViewCell.swift in Sources */ = {isa = PBXBuildFile; fileRef = 188A8F64224FB72300F68CA6 /* ManagerManCollectionViewCell.swift */; };
		188A8F6D224FB72300F68CA6 /* ManagerWomanTableViewCell.swift in Sources */ = {isa = PBXBuildFile; fileRef = 188A8F65224FB72300F68CA6 /* ManagerWomanTableViewCell.swift */; };
		188A8F6E224FB72300F68CA6 /* ManagerWomanTableViewController.swift in Sources */ = {isa = PBXBuildFile; fileRef = 188A8F66224FB72300F68CA6 /* ManagerWomanTableViewController.swift */; };
		188A8F73224FB7F500F68CA6 /* ManagerUploadTableViewController.swift in Sources */ = {isa = PBXBuildFile; fileRef = 188A8F72224FB7F500F68CA6 /* ManagerUploadTableViewController.swift */; };
		188E5C2622537EBB009A166D /* ManagerUpdateGoodTableViewController.swift in Sources */ = {isa = PBXBuildFile; fileRef = 188E5C2522537EBB009A166D /* ManagerUpdateGoodTableViewController.swift */; };
		1899233A22323DBD00B9DC1C /* AppDelegate.swift in Sources */ = {isa = PBXBuildFile; fileRef = 1899233922323DBD00B9DC1C /* AppDelegate.swift */; };
		1899233F22323DBD00B9DC1C /* Main.storyboard in Resources */ = {isa = PBXBuildFile; fileRef = 1899233D22323DBD00B9DC1C /* Main.storyboard */; };
		1899234122323DBE00B9DC1C /* Assets.xcassets in Resources */ = {isa = PBXBuildFile; fileRef = 1899234022323DBE00B9DC1C /* Assets.xcassets */; };
		1899234422323DBE00B9DC1C /* LaunchScreen.storyboard in Resources */ = {isa = PBXBuildFile; fileRef = 1899234222323DBE00B9DC1C /* LaunchScreen.storyboard */; };
		1899234C2232425600B9DC1C /* ConsumerHome.storyboard in Resources */ = {isa = PBXBuildFile; fileRef = 1899234B2232425600B9DC1C /* ConsumerHome.storyboard */; };
		1899234E2232436300B9DC1C /* ConsumerMyfavorite.storyboard in Resources */ = {isa = PBXBuildFile; fileRef = 1899234D2232436300B9DC1C /* ConsumerMyfavorite.storyboard */; };
		189923502232440600B9DC1C /* ConsumerShoppingcar.storyboard in Resources */ = {isa = PBXBuildFile; fileRef = 1899234F2232440600B9DC1C /* ConsumerShoppingcar.storyboard */; };
		189923542232452D00B9DC1C /* ConsumerInformation.storyboard in Resources */ = {isa = PBXBuildFile; fileRef = 189923532232452D00B9DC1C /* ConsumerInformation.storyboard */; };
		189923562232458D00B9DC1C /* ManagerHome.storyboard in Resources */ = {isa = PBXBuildFile; fileRef = 189923552232458D00B9DC1C /* ManagerHome.storyboard */; };
		18992358223245FA00B9DC1C /* ManagerUpload.storyboard in Resources */ = {isa = PBXBuildFile; fileRef = 18992357223245FA00B9DC1C /* ManagerUpload.storyboard */; };
		1899235A2232469D00B9DC1C /* ManagerOrder.storyboard in Resources */ = {isa = PBXBuildFile; fileRef = 189923592232469D00B9DC1C /* ManagerOrder.storyboard */; };
		1899235C223246FD00B9DC1C /* ManagerChart.storyboard in Resources */ = {isa = PBXBuildFile; fileRef = 1899235B223246FC00B9DC1C /* ManagerChart.storyboard */; };
		18CEAEB02242491B00023B7E /* G87ConsumerInformationViewController.swift in Sources */ = {isa = PBXBuildFile; fileRef = CE79C2F42241FF2E004FA4F5 /* G87ConsumerInformationViewController.swift */; };
		18DD68E3225DF39C00C7C969 /* GooddetailViewController.swift in Sources */ = {isa = PBXBuildFile; fileRef = 188A8F3B224B748A00F68CA6 /* GooddetailViewController.swift */; };
		1D2BE2C4224206330073BDE6 /* ManagerOrderEditTVC.swift in Sources */ = {isa = PBXBuildFile; fileRef = 1D2BE2C3224206330073BDE6 /* ManagerOrderEditTVC.swift */; };
		1D5FC0DC223CDAF90065C308 /* ManagerOrderCell.swift in Sources */ = {isa = PBXBuildFile; fileRef = 1D5FC0DB223CDAF90065C308 /* ManagerOrderCell.swift */; };
		1D6CAC592255AF1300BF05CB /* ChartVC.swift in Sources */ = {isa = PBXBuildFile; fileRef = 1D6CAC582255AF1300BF05CB /* ChartVC.swift */; };
		1DAF78C7225AD615007FA3F6 /* ThisMonthChartVC.swift in Sources */ = {isa = PBXBuildFile; fileRef = 1DAF78C6225AD615007FA3F6 /* ThisMonthChartVC.swift */; };
		1DAF78C9225AD634007FA3F6 /* LastMonthChartVC.swift in Sources */ = {isa = PBXBuildFile; fileRef = 1DAF78C8225AD634007FA3F6 /* LastMonthChartVC.swift */; };
		1DC451FC22326FA5003BD747 /* Order.swift in Sources */ = {isa = PBXBuildFile; fileRef = 1DC451FB22326FA5003BD747 /* Order.swift */; };
		1DC451FE22326FFB003BD747 /* ManagerOrderTVC.swift in Sources */ = {isa = PBXBuildFile; fileRef = 1DC451FD22326FFB003BD747 /* ManagerOrderTVC.swift */; };
		1DCAC590225F2A3E00431A1A /* ManagerOrderdetailTVC.swift in Sources */ = {isa = PBXBuildFile; fileRef = 1DCAC58F225F2A3E00431A1A /* ManagerOrderdetailTVC.swift */; };
		1DCAC592225F2AC100431A1A /* ManagerOrderdetailCell.swift in Sources */ = {isa = PBXBuildFile; fileRef = 1DCAC591225F2AC100431A1A /* ManagerOrderdetailCell.swift */; };
		535D7E0CF8024CC84323D27D /* Pods_CP103D_Topic0308.framework in Frameworks */ = {isa = PBXBuildFile; fileRef = 33DD1E65671F363C3E58EE15 /* Pods_CP103D_Topic0308.framework */; };
		CE592A4F2244D07F00DF552F /* Cart.swift in Sources */ = {isa = PBXBuildFile; fileRef = CE592A4B2244D07E00DF552F /* Cart.swift */; };
		CE592A502244D07F00DF552F /* CartCell.swift in Sources */ = {isa = PBXBuildFile; fileRef = CE592A4C2244D07E00DF552F /* CartCell.swift */; };
		CE592A512244D07F00DF552F /* CheckViewController.swift in Sources */ = {isa = PBXBuildFile; fileRef = CE592A4D2244D07E00DF552F /* CheckViewController.swift */; };
		CE592A522244D07F00DF552F /* ShoppingcartViewController.swift in Sources */ = {isa = PBXBuildFile; fileRef = CE592A4E2244D07E00DF552F /* ShoppingcartViewController.swift */; };
		CE592A572244E40600DF552F /* OrderdetailTableViewCell.swift in Sources */ = {isa = PBXBuildFile; fileRef = CE592A562244E40600DF552F /* OrderdetailTableViewCell.swift */; };
		CE79C2F22241FB83004FA4F5 /* G87orderdetailViewController.swift in Sources */ = {isa = PBXBuildFile; fileRef = CE79C2F02241FB82004FA4F5 /* G87orderdetailViewController.swift */; };
		CE79C2F32241FB83004FA4F5 /* G87orderViewController.swift in Sources */ = {isa = PBXBuildFile; fileRef = CE79C2F12241FB83004FA4F5 /* G87orderViewController.swift */; };
		CE79C2F7224207D5004FA4F5 /* OrderTableViewCell.swift in Sources */ = {isa = PBXBuildFile; fileRef = CE79C2F6224207D5004FA4F5 /* OrderTableViewCell.swift */; };
		CE9A1B56224D7E5E000263A0 /* CheckTableViewCell.swift in Sources */ = {isa = PBXBuildFile; fileRef = CE9A1B55224D7E5E000263A0 /* CheckTableViewCell.swift */; };
		CE9A1B5C2252388E000263A0 /* ConfirmationViewController.swift in Sources */ = {isa = PBXBuildFile; fileRef = CE9A1B5B2252388E000263A0 /* ConfirmationViewController.swift */; };
		CE9A1B5E225238C4000263A0 /* Orderdetail.swift in Sources */ = {isa = PBXBuildFile; fileRef = CE9A1B5D225238C4000263A0 /* Orderdetail.swift */; };
/* End PBXBuildFile section */

/* Begin PBXFileReference section */
		1135C36122327745002C9C80 /* signupVC.swift */ = {isa = PBXFileReference; lastKnownFileType = sourcecode.swift; path = signupVC.swift; sourceTree = "<group>"; };
		1137EC90223B584A00F03C4E /* HomeVC.swift */ = {isa = PBXFileReference; lastKnownFileType = sourcecode.swift; path = HomeVC.swift; sourceTree = "<group>"; };
		1137ECD222436F6100F03C4E /* MemberUpdataVC.swift */ = {isa = PBXFileReference; lastKnownFileType = sourcecode.swift; path = MemberUpdataVC.swift; sourceTree = "<group>"; };
		1137ECD6224479BB00F03C4E /* FavoriteTVC.swift */ = {isa = PBXFileReference; lastKnownFileType = sourcecode.swift; path = FavoriteTVC.swift; sourceTree = "<group>"; };
		1137ECD82244CB1400F03C4E /* Good.swift */ = {isa = PBXFileReference; fileEncoding = 4; lastKnownFileType = sourcecode.swift; path = Good.swift; sourceTree = "<group>"; };
		1137ECFA2248ACB500F03C4E /* MapVC.swift */ = {isa = PBXFileReference; lastKnownFileType = sourcecode.swift; path = MapVC.swift; sourceTree = "<group>"; };
		1137ECFD2248AE4200F03C4E /* Spot.swift */ = {isa = PBXFileReference; lastKnownFileType = sourcecode.swift; path = Spot.swift; sourceTree = "<group>"; };
		1137ECFF2248B0C300F03C4E /* DetailVC.swift */ = {isa = PBXFileReference; lastKnownFileType = sourcecode.swift; path = DetailVC.swift; sourceTree = "<group>"; };
		11460BA2223547A70046DF35 /* memberVC.swift */ = {isa = PBXFileReference; lastKnownFileType = sourcecode.swift; path = memberVC.swift; sourceTree = "<group>"; };
		11460BA422354BCC0046DF35 /* loginVC.swift */ = {isa = PBXFileReference; lastKnownFileType = sourcecode.swift; path = loginVC.swift; sourceTree = "<group>"; };
		1152F3B4224A2BE000C96CCF /* Map2VC.swift */ = {isa = PBXFileReference; lastKnownFileType = sourcecode.swift; path = Map2VC.swift; sourceTree = "<group>"; };
		115832062239078900C4522C /* Common.swift */ = {isa = PBXFileReference; lastKnownFileType = sourcecode.swift; path = Common.swift; sourceTree = "<group>"; };
		11583208223A344900C4522C /* User.swift */ = {isa = PBXFileReference; lastKnownFileType = sourcecode.swift; path = User.swift; sourceTree = "<group>"; };
		1841177A224A17BE00D878D5 /* ManTableViewCell.swift */ = {isa = PBXFileReference; fileEncoding = 4; lastKnownFileType = sourcecode.swift; path = ManTableViewCell.swift; sourceTree = "<group>"; };
		1841177B224A17BE00D878D5 /* ManCollectionViewCell.swift */ = {isa = PBXFileReference; fileEncoding = 4; lastKnownFileType = sourcecode.swift; path = ManCollectionViewCell.swift; sourceTree = "<group>"; };
		1841177C224A17BE00D878D5 /* ManTableViewController.swift */ = {isa = PBXFileReference; fileEncoding = 4; lastKnownFileType = sourcecode.swift; path = ManTableViewController.swift; sourceTree = "<group>"; };
		18411780224B0C4800D878D5 /* HomeCollectionViewController.swift */ = {isa = PBXFileReference; lastKnownFileType = sourcecode.swift; path = HomeCollectionViewController.swift; sourceTree = "<group>"; };
		18411784224B135D00D878D5 /* HomeCollectionViewCell.swift */ = {isa = PBXFileReference; lastKnownFileType = sourcecode.swift; path = HomeCollectionViewCell.swift; sourceTree = "<group>"; };
		1856201F2240E0F80016EB44 /* WomanTableViewController.swift */ = {isa = PBXFileReference; lastKnownFileType = sourcecode.swift; path = WomanTableViewController.swift; sourceTree = "<group>"; };
		185620212240E1940016EB44 /* WomanTableViewCell.swift */ = {isa = PBXFileReference; lastKnownFileType = sourcecode.swift; path = WomanTableViewCell.swift; sourceTree = "<group>"; };
		185620232240E2AC0016EB44 /* WomanCollectionviewCell.swift */ = {isa = PBXFileReference; lastKnownFileType = sourcecode.swift; path = WomanCollectionviewCell.swift; sourceTree = "<group>"; };
		188A8F3B224B748A00F68CA6 /* GooddetailViewController.swift */ = {isa = PBXFileReference; lastKnownFileType = sourcecode.swift; path = GooddetailViewController.swift; sourceTree = "<group>"; };
		188A8F5B224FB6F100F68CA6 /* ManagerGooddetailViewController.swift */ = {isa = PBXFileReference; fileEncoding = 4; lastKnownFileType = sourcecode.swift; path = ManagerGooddetailViewController.swift; sourceTree = "<group>"; };
		188A8F5C224FB6F100F68CA6 /* ManagerHomeViewController.swift */ = {isa = PBXFileReference; fileEncoding = 4; lastKnownFileType = sourcecode.swift; path = ManagerHomeViewController.swift; sourceTree = "<group>"; };
		188A8F5F224FB72300F68CA6 /* ManagerHomeCollectionViewController.swift */ = {isa = PBXFileReference; fileEncoding = 4; lastKnownFileType = sourcecode.swift; path = ManagerHomeCollectionViewController.swift; sourceTree = "<group>"; };
		188A8F60224FB72300F68CA6 /* ManagerWomanCollectionViewCell.swift */ = {isa = PBXFileReference; fileEncoding = 4; lastKnownFileType = sourcecode.swift; path = ManagerWomanCollectionViewCell.swift; sourceTree = "<group>"; };
		188A8F61224FB72300F68CA6 /* ManagerManTableViewController.swift */ = {isa = PBXFileReference; fileEncoding = 4; lastKnownFileType = sourcecode.swift; path = ManagerManTableViewController.swift; sourceTree = "<group>"; };
		188A8F62224FB72300F68CA6 /* ManagerHomeCollectionViewCell.swift */ = {isa = PBXFileReference; fileEncoding = 4; lastKnownFileType = sourcecode.swift; path = ManagerHomeCollectionViewCell.swift; sourceTree = "<group>"; };
		188A8F63224FB72300F68CA6 /* ManagerManTableViewCell.swift */ = {isa = PBXFileReference; fileEncoding = 4; lastKnownFileType = sourcecode.swift; path = ManagerManTableViewCell.swift; sourceTree = "<group>"; };
		188A8F64224FB72300F68CA6 /* ManagerManCollectionViewCell.swift */ = {isa = PBXFileReference; fileEncoding = 4; lastKnownFileType = sourcecode.swift; path = ManagerManCollectionViewCell.swift; sourceTree = "<group>"; };
		188A8F65224FB72300F68CA6 /* ManagerWomanTableViewCell.swift */ = {isa = PBXFileReference; fileEncoding = 4; lastKnownFileType = sourcecode.swift; path = ManagerWomanTableViewCell.swift; sourceTree = "<group>"; };
		188A8F66224FB72300F68CA6 /* ManagerWomanTableViewController.swift */ = {isa = PBXFileReference; fileEncoding = 4; lastKnownFileType = sourcecode.swift; path = ManagerWomanTableViewController.swift; sourceTree = "<group>"; };
		188A8F72224FB7F500F68CA6 /* ManagerUploadTableViewController.swift */ = {isa = PBXFileReference; fileEncoding = 4; lastKnownFileType = sourcecode.swift; path = ManagerUploadTableViewController.swift; sourceTree = "<group>"; };
		188E5C2522537EBB009A166D /* ManagerUpdateGoodTableViewController.swift */ = {isa = PBXFileReference; lastKnownFileType = sourcecode.swift; path = ManagerUpdateGoodTableViewController.swift; sourceTree = "<group>"; };
		1899233622323DBD00B9DC1C /* CP103D_Topic0308.app */ = {isa = PBXFileReference; explicitFileType = wrapper.application; includeInIndex = 0; path = CP103D_Topic0308.app; sourceTree = BUILT_PRODUCTS_DIR; };
		1899233922323DBD00B9DC1C /* AppDelegate.swift */ = {isa = PBXFileReference; lastKnownFileType = sourcecode.swift; path = AppDelegate.swift; sourceTree = "<group>"; };
		1899233E22323DBD00B9DC1C /* Base */ = {isa = PBXFileReference; lastKnownFileType = file.storyboard; name = Base; path = Base.lproj/Main.storyboard; sourceTree = "<group>"; };
		1899234022323DBE00B9DC1C /* Assets.xcassets */ = {isa = PBXFileReference; lastKnownFileType = folder.assetcatalog; path = Assets.xcassets; sourceTree = "<group>"; };
		1899234322323DBE00B9DC1C /* Base */ = {isa = PBXFileReference; lastKnownFileType = file.storyboard; name = Base; path = Base.lproj/LaunchScreen.storyboard; sourceTree = "<group>"; };
		1899234522323DBE00B9DC1C /* Info.plist */ = {isa = PBXFileReference; lastKnownFileType = text.plist.xml; path = Info.plist; sourceTree = "<group>"; };
		1899234B2232425600B9DC1C /* ConsumerHome.storyboard */ = {isa = PBXFileReference; lastKnownFileType = file.storyboard; path = ConsumerHome.storyboard; sourceTree = "<group>"; };
		1899234D2232436300B9DC1C /* ConsumerMyfavorite.storyboard */ = {isa = PBXFileReference; lastKnownFileType = file.storyboard; path = ConsumerMyfavorite.storyboard; sourceTree = "<group>"; };
		1899234F2232440600B9DC1C /* ConsumerShoppingcar.storyboard */ = {isa = PBXFileReference; lastKnownFileType = file.storyboard; path = ConsumerShoppingcar.storyboard; sourceTree = "<group>"; };
		189923532232452D00B9DC1C /* ConsumerInformation.storyboard */ = {isa = PBXFileReference; lastKnownFileType = file.storyboard; path = ConsumerInformation.storyboard; sourceTree = "<group>"; };
		189923552232458D00B9DC1C /* ManagerHome.storyboard */ = {isa = PBXFileReference; lastKnownFileType = file.storyboard; path = ManagerHome.storyboard; sourceTree = "<group>"; };
		18992357223245FA00B9DC1C /* ManagerUpload.storyboard */ = {isa = PBXFileReference; lastKnownFileType = file.storyboard; path = ManagerUpload.storyboard; sourceTree = "<group>"; };
		189923592232469D00B9DC1C /* ManagerOrder.storyboard */ = {isa = PBXFileReference; lastKnownFileType = file.storyboard; path = ManagerOrder.storyboard; sourceTree = "<group>"; };
		1899235B223246FC00B9DC1C /* ManagerChart.storyboard */ = {isa = PBXFileReference; lastKnownFileType = file.storyboard; path = ManagerChart.storyboard; sourceTree = "<group>"; };
		1D2BE2C3224206330073BDE6 /* ManagerOrderEditTVC.swift */ = {isa = PBXFileReference; lastKnownFileType = sourcecode.swift; path = ManagerOrderEditTVC.swift; sourceTree = "<group>"; };
		1D5FC0DB223CDAF90065C308 /* ManagerOrderCell.swift */ = {isa = PBXFileReference; lastKnownFileType = sourcecode.swift; path = ManagerOrderCell.swift; sourceTree = "<group>"; };
		1D6CAC582255AF1300BF05CB /* ChartVC.swift */ = {isa = PBXFileReference; lastKnownFileType = sourcecode.swift; path = ChartVC.swift; sourceTree = "<group>"; };
		1DAF78C6225AD615007FA3F6 /* ThisMonthChartVC.swift */ = {isa = PBXFileReference; lastKnownFileType = sourcecode.swift; path = ThisMonthChartVC.swift; sourceTree = "<group>"; };
		1DAF78C8225AD634007FA3F6 /* LastMonthChartVC.swift */ = {isa = PBXFileReference; lastKnownFileType = sourcecode.swift; path = LastMonthChartVC.swift; sourceTree = "<group>"; };
		1DC451FB22326FA5003BD747 /* Order.swift */ = {isa = PBXFileReference; lastKnownFileType = sourcecode.swift; path = Order.swift; sourceTree = "<group>"; };
		1DC451FD22326FFB003BD747 /* ManagerOrderTVC.swift */ = {isa = PBXFileReference; lastKnownFileType = sourcecode.swift; path = ManagerOrderTVC.swift; sourceTree = "<group>"; };
		1DCAC58F225F2A3E00431A1A /* ManagerOrderdetailTVC.swift */ = {isa = PBXFileReference; lastKnownFileType = sourcecode.swift; path = ManagerOrderdetailTVC.swift; sourceTree = "<group>"; };
		1DCAC591225F2AC100431A1A /* ManagerOrderdetailCell.swift */ = {isa = PBXFileReference; lastKnownFileType = sourcecode.swift; path = ManagerOrderdetailCell.swift; sourceTree = "<group>"; };
		3062F7E4DB298F68FFBB86D0 /* Pods-CP103D_Topic0308.release.xcconfig */ = {isa = PBXFileReference; includeInIndex = 1; lastKnownFileType = text.xcconfig; name = "Pods-CP103D_Topic0308.release.xcconfig"; path = "Target Support Files/Pods-CP103D_Topic0308/Pods-CP103D_Topic0308.release.xcconfig"; sourceTree = "<group>"; };
		33DD1E65671F363C3E58EE15 /* Pods_CP103D_Topic0308.framework */ = {isa = PBXFileReference; explicitFileType = wrapper.framework; includeInIndex = 0; path = Pods_CP103D_Topic0308.framework; sourceTree = BUILT_PRODUCTS_DIR; };
		895DFD5037B06D226B7E2C73 /* Pods-CP103D_Topic0308.debug.xcconfig */ = {isa = PBXFileReference; includeInIndex = 1; lastKnownFileType = text.xcconfig; name = "Pods-CP103D_Topic0308.debug.xcconfig"; path = "Target Support Files/Pods-CP103D_Topic0308/Pods-CP103D_Topic0308.debug.xcconfig"; sourceTree = "<group>"; };
		CE592A4B2244D07E00DF552F /* Cart.swift */ = {isa = PBXFileReference; fileEncoding = 4; lastKnownFileType = sourcecode.swift; path = Cart.swift; sourceTree = "<group>"; };
		CE592A4C2244D07E00DF552F /* CartCell.swift */ = {isa = PBXFileReference; fileEncoding = 4; lastKnownFileType = sourcecode.swift; path = CartCell.swift; sourceTree = "<group>"; };
		CE592A4D2244D07E00DF552F /* CheckViewController.swift */ = {isa = PBXFileReference; fileEncoding = 4; lastKnownFileType = sourcecode.swift; path = CheckViewController.swift; sourceTree = "<group>"; };
		CE592A4E2244D07E00DF552F /* ShoppingcartViewController.swift */ = {isa = PBXFileReference; fileEncoding = 4; lastKnownFileType = sourcecode.swift; path = ShoppingcartViewController.swift; sourceTree = "<group>"; };
		CE592A562244E40600DF552F /* OrderdetailTableViewCell.swift */ = {isa = PBXFileReference; fileEncoding = 4; lastKnownFileType = sourcecode.swift; path = OrderdetailTableViewCell.swift; sourceTree = "<group>"; };
		CE79C2F02241FB82004FA4F5 /* G87orderdetailViewController.swift */ = {isa = PBXFileReference; fileEncoding = 4; lastKnownFileType = sourcecode.swift; path = G87orderdetailViewController.swift; sourceTree = "<group>"; };
		CE79C2F12241FB83004FA4F5 /* G87orderViewController.swift */ = {isa = PBXFileReference; fileEncoding = 4; lastKnownFileType = sourcecode.swift; path = G87orderViewController.swift; sourceTree = "<group>"; };
		CE79C2F42241FF2E004FA4F5 /* G87ConsumerInformationViewController.swift */ = {isa = PBXFileReference; fileEncoding = 4; lastKnownFileType = sourcecode.swift; path = G87ConsumerInformationViewController.swift; sourceTree = "<group>"; };
		CE79C2F6224207D5004FA4F5 /* OrderTableViewCell.swift */ = {isa = PBXFileReference; lastKnownFileType = sourcecode.swift; path = OrderTableViewCell.swift; sourceTree = "<group>"; };
		CE9A1B55224D7E5E000263A0 /* CheckTableViewCell.swift */ = {isa = PBXFileReference; lastKnownFileType = sourcecode.swift; path = CheckTableViewCell.swift; sourceTree = "<group>"; };
		CE9A1B5B2252388E000263A0 /* ConfirmationViewController.swift */ = {isa = PBXFileReference; lastKnownFileType = sourcecode.swift; path = ConfirmationViewController.swift; sourceTree = "<group>"; };
		CE9A1B5D225238C4000263A0 /* Orderdetail.swift */ = {isa = PBXFileReference; lastKnownFileType = sourcecode.swift; path = Orderdetail.swift; sourceTree = "<group>"; };
/* End PBXFileReference section */

/* Begin PBXFrameworksBuildPhase section */
		1899233322323DBD00B9DC1C /* Frameworks */ = {
			isa = PBXFrameworksBuildPhase;
			buildActionMask = 2147483647;
			files = (
				535D7E0CF8024CC84323D27D /* Pods_CP103D_Topic0308.framework in Frameworks */,
			);
			runOnlyForDeploymentPostprocessing = 0;
		};
/* End PBXFrameworksBuildPhase section */

/* Begin PBXGroup section */
		1137ECFC2248ACE500F03C4E /* Information */ = {
			isa = PBXGroup;
			children = (
				189923532232452D00B9DC1C /* ConsumerInformation.storyboard */,
				1137ECFD2248AE4200F03C4E /* Spot.swift */,
				1137ECFA2248ACB500F03C4E /* MapVC.swift */,
				1152F3B4224A2BE000C96CCF /* Map2VC.swift */,
				1137ECFF2248B0C300F03C4E /* DetailVC.swift */,
				11460BA2223547A70046DF35 /* memberVC.swift */,
				1137ECD222436F6100F03C4E /* MemberUpdataVC.swift */,
				CE79C2F42241FF2E004FA4F5 /* G87ConsumerInformationViewController.swift */,
			);
			path = Information;
			sourceTree = "<group>";
		};
		1856201E2240E0AF0016EB44 /* ConsumerHome */ = {
			isa = PBXGroup;
			children = (
				1899234B2232425600B9DC1C /* ConsumerHome.storyboard */,
				1137EC90223B584A00F03C4E /* HomeVC.swift */,
				188A8F38224B422300F68CA6 /* Woman */,
				188A8F39224B423000F68CA6 /* Man */,
				188A8F3A224B424500F68CA6 /* Home */,
				188A8F3B224B748A00F68CA6 /* GooddetailViewController.swift */,
			);
			name = ConsumerHome;
			sourceTree = "<group>";
		};
		188A8F38224B422300F68CA6 /* Woman */ = {
			isa = PBXGroup;
			children = (
				185620212240E1940016EB44 /* WomanTableViewCell.swift */,
				185620232240E2AC0016EB44 /* WomanCollectionviewCell.swift */,
				1856201F2240E0F80016EB44 /* WomanTableViewController.swift */,
			);
			name = Woman;
			sourceTree = "<group>";
		};
		188A8F39224B423000F68CA6 /* Man */ = {
			isa = PBXGroup;
			children = (
				1841177B224A17BE00D878D5 /* ManCollectionViewCell.swift */,
				1841177A224A17BE00D878D5 /* ManTableViewCell.swift */,
				1841177C224A17BE00D878D5 /* ManTableViewController.swift */,
			);
			name = Man;
			sourceTree = "<group>";
		};
		188A8F3A224B424500F68CA6 /* Home */ = {
			isa = PBXGroup;
			children = (
				18411780224B0C4800D878D5 /* HomeCollectionViewController.swift */,
				18411784224B135D00D878D5 /* HomeCollectionViewCell.swift */,
			);
			name = Home;
			sourceTree = "<group>";
		};
		188A8F5A224FB56800F68CA6 /* ManagerHome */ = {
			isa = PBXGroup;
			children = (
				188A8F5B224FB6F100F68CA6 /* ManagerGooddetailViewController.swift */,
				188A8F5C224FB6F100F68CA6 /* ManagerHomeViewController.swift */,
				188E5C2522537EBB009A166D /* ManagerUpdateGoodTableViewController.swift */,
				189923552232458D00B9DC1C /* ManagerHome.storyboard */,
				188A8F6F224FB73600F68CA6 /* ManagerHome */,
				188A8F70224FB74A00F68CA6 /* ManagerMan */,
				188A8F71224FB75500F68CA6 /* ManagerWoman */,
			);
			name = ManagerHome;
			sourceTree = "<group>";
		};
		188A8F6F224FB73600F68CA6 /* ManagerHome */ = {
			isa = PBXGroup;
			children = (
				188A8F62224FB72300F68CA6 /* ManagerHomeCollectionViewCell.swift */,
				188A8F5F224FB72300F68CA6 /* ManagerHomeCollectionViewController.swift */,
			);
			name = ManagerHome;
			sourceTree = "<group>";
		};
		188A8F70224FB74A00F68CA6 /* ManagerMan */ = {
			isa = PBXGroup;
			children = (
				188A8F64224FB72300F68CA6 /* ManagerManCollectionViewCell.swift */,
				188A8F63224FB72300F68CA6 /* ManagerManTableViewCell.swift */,
				188A8F61224FB72300F68CA6 /* ManagerManTableViewController.swift */,
			);
			name = ManagerMan;
			sourceTree = "<group>";
		};
		188A8F71224FB75500F68CA6 /* ManagerWoman */ = {
			isa = PBXGroup;
			children = (
				188A8F60224FB72300F68CA6 /* ManagerWomanCollectionViewCell.swift */,
				188A8F65224FB72300F68CA6 /* ManagerWomanTableViewCell.swift */,
				188A8F66224FB72300F68CA6 /* ManagerWomanTableViewController.swift */,
			);
			name = ManagerWoman;
			sourceTree = "<group>";
		};
		188A8F74224FB80100F68CA6 /* ManagerUpload */ = {
			isa = PBXGroup;
			children = (
				18992357223245FA00B9DC1C /* ManagerUpload.storyboard */,
				188A8F72224FB7F500F68CA6 /* ManagerUploadTableViewController.swift */,
			);
			name = ManagerUpload;
			sourceTree = "<group>";
		};
		1899232D22323DBD00B9DC1C = {
			isa = PBXGroup;
			children = (
				1899233822323DBD00B9DC1C /* CP103D_Topic0308 */,
				1899233722323DBD00B9DC1C /* Products */,
				B3B42284E493F10EDB128532 /* Pods */,
				5F274AE4A866159813A68669 /* Frameworks */,
			);
			sourceTree = "<group>";
		};
		1899233722323DBD00B9DC1C /* Products */ = {
			isa = PBXGroup;
			children = (
				1899233622323DBD00B9DC1C /* CP103D_Topic0308.app */,
			);
			name = Products;
			sourceTree = "<group>";
		};
		1899233822323DBD00B9DC1C /* CP103D_Topic0308 */ = {
			isa = PBXGroup;
			children = (
				1899233922323DBD00B9DC1C /* AppDelegate.swift */,
				1899233D22323DBD00B9DC1C /* Main.storyboard */,
				1899234022323DBE00B9DC1C /* Assets.xcassets */,
				1899234222323DBE00B9DC1C /* LaunchScreen.storyboard */,
				1899234522323DBE00B9DC1C /* Info.plist */,
				11583208223A344900C4522C /* User.swift */,
				1137ECD82244CB1400F03C4E /* Good.swift */,
				1DC451FB22326FA5003BD747 /* Order.swift */,
				CE9A1B5D225238C4000263A0 /* Orderdetail.swift */,
				1135C36122327745002C9C80 /* signupVC.swift */,
				11460BA422354BCC0046DF35 /* loginVC.swift */,
				115832062239078900C4522C /* Common.swift */,
				1899234D2232436300B9DC1C /* ConsumerMyfavorite.storyboard */,
				1137ECD6224479BB00F03C4E /* FavoriteTVC.swift */,
				1137ECFC2248ACE500F03C4E /* Information */,
				CE79C2EF2241F9D0004FA4F5 /* ConsumerOrder */,
				CE592A532244D08700DF552F /* ShoppingCart */,
				1856201E2240E0AF0016EB44 /* ConsumerHome */,
				188A8F5A224FB56800F68CA6 /* ManagerHome */,
				188A8F74224FB80100F68CA6 /* ManagerUpload */,
				1D6CAC572255ABE300BF05CB /* ＭanagerChart */,
				1D5FC0D1223CD3370065C308 /* ManagerOrder */,
			);
			path = CP103D_Topic0308;
			sourceTree = "<group>";
		};
		1D5FC0D1223CD3370065C308 /* ManagerOrder */ = {
			isa = PBXGroup;
			children = (
				189923592232469D00B9DC1C /* ManagerOrder.storyboard */,
				1D5FC0DB223CDAF90065C308 /* ManagerOrderCell.swift */,
				1DCAC58F225F2A3E00431A1A /* ManagerOrderdetailTVC.swift */,
				1D2BE2C3224206330073BDE6 /* ManagerOrderEditTVC.swift */,
				1DCAC591225F2AC100431A1A /* ManagerOrderdetailCell.swift */,
				1DC451FD22326FFB003BD747 /* ManagerOrderTVC.swift */,
			);
			name = ManagerOrder;
			sourceTree = "<group>";
		};
		1D6CAC572255ABE300BF05CB /* ＭanagerChart */ = {
			isa = PBXGroup;
			children = (
				1899235B223246FC00B9DC1C /* ManagerChart.storyboard */,
				1D6CAC582255AF1300BF05CB /* ChartVC.swift */,
				1DAF78C6225AD615007FA3F6 /* ThisMonthChartVC.swift */,
				1DAF78C8225AD634007FA3F6 /* LastMonthChartVC.swift */,
			);
			name = "ＭanagerChart";
			sourceTree = "<group>";
		};
		5F274AE4A866159813A68669 /* Frameworks */ = {
			isa = PBXGroup;
			children = (
				33DD1E65671F363C3E58EE15 /* Pods_CP103D_Topic0308.framework */,
			);
			name = Frameworks;
			sourceTree = "<group>";
		};
		B3B42284E493F10EDB128532 /* Pods */ = {
			isa = PBXGroup;
			children = (
				895DFD5037B06D226B7E2C73 /* Pods-CP103D_Topic0308.debug.xcconfig */,
				3062F7E4DB298F68FFBB86D0 /* Pods-CP103D_Topic0308.release.xcconfig */,
			);
			path = Pods;
			sourceTree = "<group>";
		};
		CE592A532244D08700DF552F /* ShoppingCart */ = {
			isa = PBXGroup;
			children = (
				1899234F2232440600B9DC1C /* ConsumerShoppingcar.storyboard */,
				CE592A4B2244D07E00DF552F /* Cart.swift */,
				CE592A4C2244D07E00DF552F /* CartCell.swift */,
				CE592A4E2244D07E00DF552F /* ShoppingcartViewController.swift */,
				CE9A1B55224D7E5E000263A0 /* CheckTableViewCell.swift */,
				CE592A4D2244D07E00DF552F /* CheckViewController.swift */,
				CE9A1B5B2252388E000263A0 /* ConfirmationViewController.swift */,
			);
			name = ShoppingCart;
			sourceTree = "<group>";
		};
		CE79C2EF2241F9D0004FA4F5 /* ConsumerOrder */ = {
			isa = PBXGroup;
			children = (
				CE592A562244E40600DF552F /* OrderdetailTableViewCell.swift */,
				CE79C2F12241FB83004FA4F5 /* G87orderViewController.swift */,
				CE79C2F02241FB82004FA4F5 /* G87orderdetailViewController.swift */,
				CE79C2F6224207D5004FA4F5 /* OrderTableViewCell.swift */,
			);
			path = ConsumerOrder;
			sourceTree = "<group>";
		};
/* End PBXGroup section */

/* Begin PBXNativeTarget section */
		1899233522323DBD00B9DC1C /* CP103D_Topic0308 */ = {
			isa = PBXNativeTarget;
			buildConfigurationList = 1899234822323DBE00B9DC1C /* Build configuration list for PBXNativeTarget "CP103D_Topic0308" */;
			buildPhases = (
				A934C73802AFDDABD38A61EB /* [CP] Check Pods Manifest.lock */,
				1899233222323DBD00B9DC1C /* Sources */,
				1899233322323DBD00B9DC1C /* Frameworks */,
				1899233422323DBD00B9DC1C /* Resources */,
				1BF617B5914DDA1F5B7F63CF /* [CP] Embed Pods Frameworks */,
			);
			buildRules = (
			);
			dependencies = (
			);
			name = CP103D_Topic0308;
			productName = CP103D_Topic0308;
			productReference = 1899233622323DBD00B9DC1C /* CP103D_Topic0308.app */;
			productType = "com.apple.product-type.application";
		};
/* End PBXNativeTarget section */

/* Begin PBXProject section */
		1899232E22323DBD00B9DC1C /* Project object */ = {
			isa = PBXProject;
			attributes = {
				LastSwiftUpdateCheck = 1020;
				LastUpgradeCheck = 1020;
				ORGANIZATIONNAME = "min-chia";
				TargetAttributes = {
					1899233522323DBD00B9DC1C = {
						CreatedOnToolsVersion = 10.2;
					};
				};
			};
			buildConfigurationList = 1899233122323DBD00B9DC1C /* Build configuration list for PBXProject "CP103D_Topic0308" */;
			compatibilityVersion = "Xcode 9.3";
			developmentRegion = en;
			hasScannedForEncodings = 0;
			knownRegions = (
				en,
				Base,
			);
			mainGroup = 1899232D22323DBD00B9DC1C;
			productRefGroup = 1899233722323DBD00B9DC1C /* Products */;
			projectDirPath = "";
			projectRoot = "";
			targets = (
				1899233522323DBD00B9DC1C /* CP103D_Topic0308 */,
			);
		};
/* End PBXProject section */

/* Begin PBXResourcesBuildPhase section */
		1899233422323DBD00B9DC1C /* Resources */ = {
			isa = PBXResourcesBuildPhase;
			buildActionMask = 2147483647;
			files = (
				1899234422323DBE00B9DC1C /* LaunchScreen.storyboard in Resources */,
				189923562232458D00B9DC1C /* ManagerHome.storyboard in Resources */,
				1899234122323DBE00B9DC1C /* Assets.xcassets in Resources */,
				1899235C223246FD00B9DC1C /* ManagerChart.storyboard in Resources */,
				1899233F22323DBD00B9DC1C /* Main.storyboard in Resources */,
				1899234E2232436300B9DC1C /* ConsumerMyfavorite.storyboard in Resources */,
				1899235A2232469D00B9DC1C /* ManagerOrder.storyboard in Resources */,
				189923542232452D00B9DC1C /* ConsumerInformation.storyboard in Resources */,
				18992358223245FA00B9DC1C /* ManagerUpload.storyboard in Resources */,
				1899234C2232425600B9DC1C /* ConsumerHome.storyboard in Resources */,
				189923502232440600B9DC1C /* ConsumerShoppingcar.storyboard in Resources */,
			);
			runOnlyForDeploymentPostprocessing = 0;
		};
/* End PBXResourcesBuildPhase section */

/* Begin PBXShellScriptBuildPhase section */
		1BF617B5914DDA1F5B7F63CF /* [CP] Embed Pods Frameworks */ = {
			isa = PBXShellScriptBuildPhase;
			buildActionMask = 2147483647;
			files = (
			);
			inputFileListPaths = (
			);
			inputPaths = (
				"${PODS_ROOT}/Target Support Files/Pods-CP103D_Topic0308/Pods-CP103D_Topic0308-frameworks.sh",
				"${BUILT_PRODUCTS_DIR}/Bolts/Bolts.framework",
				"${BUILT_PRODUCTS_DIR}/Charts/Charts.framework",
				"${BUILT_PRODUCTS_DIR}/FBSDKCoreKit/FBSDKCoreKit.framework",
				"${BUILT_PRODUCTS_DIR}/FBSDKLoginKit/FBSDKLoginKit.framework",
				"${BUILT_PRODUCTS_DIR}/FacebookCore/FacebookCore.framework",
				"${BUILT_PRODUCTS_DIR}/FacebookLogin/FacebookLogin.framework",
				"${BUILT_PRODUCTS_DIR}/Starscream/Starscream.framework",
			);
			name = "[CP] Embed Pods Frameworks";
			outputFileListPaths = (
			);
			outputPaths = (
				"${TARGET_BUILD_DIR}/${FRAMEWORKS_FOLDER_PATH}/Bolts.framework",
				"${TARGET_BUILD_DIR}/${FRAMEWORKS_FOLDER_PATH}/Charts.framework",
				"${TARGET_BUILD_DIR}/${FRAMEWORKS_FOLDER_PATH}/FBSDKCoreKit.framework",
				"${TARGET_BUILD_DIR}/${FRAMEWORKS_FOLDER_PATH}/FBSDKLoginKit.framework",
				"${TARGET_BUILD_DIR}/${FRAMEWORKS_FOLDER_PATH}/FacebookCore.framework",
				"${TARGET_BUILD_DIR}/${FRAMEWORKS_FOLDER_PATH}/FacebookLogin.framework",
				"${TARGET_BUILD_DIR}/${FRAMEWORKS_FOLDER_PATH}/Starscream.framework",
			);
			runOnlyForDeploymentPostprocessing = 0;
			shellPath = /bin/sh;
			shellScript = "\"${PODS_ROOT}/Target Support Files/Pods-CP103D_Topic0308/Pods-CP103D_Topic0308-frameworks.sh\"\n";
			showEnvVarsInLog = 0;
		};
		A934C73802AFDDABD38A61EB /* [CP] Check Pods Manifest.lock */ = {
			isa = PBXShellScriptBuildPhase;
			buildActionMask = 2147483647;
			files = (
			);
			inputFileListPaths = (
			);
			inputPaths = (
				"${PODS_PODFILE_DIR_PATH}/Podfile.lock",
				"${PODS_ROOT}/Manifest.lock",
			);
			name = "[CP] Check Pods Manifest.lock";
			outputFileListPaths = (
			);
			outputPaths = (
				"$(DERIVED_FILE_DIR)/Pods-CP103D_Topic0308-checkManifestLockResult.txt",
			);
			runOnlyForDeploymentPostprocessing = 0;
			shellPath = /bin/sh;
			shellScript = "diff \"${PODS_PODFILE_DIR_PATH}/Podfile.lock\" \"${PODS_ROOT}/Manifest.lock\" > /dev/null\nif [ $? != 0 ] ; then\n    # print error to STDERR\n    echo \"error: The sandbox is not in sync with the Podfile.lock. Run 'pod install' or update your CocoaPods installation.\" >&2\n    exit 1\nfi\n# This output is used by Xcode 'outputs' to avoid re-running this script phase.\necho \"SUCCESS\" > \"${SCRIPT_OUTPUT_FILE_0}\"\n";
			showEnvVarsInLog = 0;
		};
/* End PBXShellScriptBuildPhase section */

/* Begin PBXSourcesBuildPhase section */
		1899233222323DBD00B9DC1C /* Sources */ = {
			isa = PBXSourcesBuildPhase;
			buildActionMask = 2147483647;
			files = (
				1137ECD92244CB1C00F03C4E /* Good.swift in Sources */,
				1DCAC592225F2AC100431A1A /* ManagerOrderdetailCell.swift in Sources */,
				1841177E224A17BE00D878D5 /* ManCollectionViewCell.swift in Sources */,
				18DD68E3225DF39C00C7C969 /* GooddetailViewController.swift in Sources */,
				188A8F6E224FB72300F68CA6 /* ManagerWomanTableViewController.swift in Sources */,
				CE79C2F32241FB83004FA4F5 /* G87orderViewController.swift in Sources */,
				18411781224B0C4800D878D5 /* HomeCollectionViewController.swift in Sources */,
				1137EC91223B584A00F03C4E /* HomeVC.swift in Sources */,
				18CEAEB02242491B00023B7E /* G87ConsumerInformationViewController.swift in Sources */,
				188A8F6B224FB72300F68CA6 /* ManagerManTableViewCell.swift in Sources */,
				1DCAC590225F2A3E00431A1A /* ManagerOrderdetailTVC.swift in Sources */,
				185620222240E1940016EB44 /* WomanTableViewCell.swift in Sources */,
				1DC451FE22326FFB003BD747 /* ManagerOrderTVC.swift in Sources */,
				188A8F5E224FB6F200F68CA6 /* ManagerHomeViewController.swift in Sources */,
				1137ECD7224479BB00F03C4E /* FavoriteTVC.swift in Sources */,
				CE9A1B5E225238C4000263A0 /* Orderdetail.swift in Sources */,
				CE79C2F22241FB83004FA4F5 /* G87orderdetailViewController.swift in Sources */,
				CE592A512244D07F00DF552F /* CheckViewController.swift in Sources */,
				188A8F73224FB7F500F68CA6 /* ManagerUploadTableViewController.swift in Sources */,
				CE9A1B56224D7E5E000263A0 /* CheckTableViewCell.swift in Sources */,
				188A8F6C224FB72300F68CA6 /* ManagerManCollectionViewCell.swift in Sources */,
				1D6CAC592255AF1300BF05CB /* ChartVC.swift in Sources */,
				188A8F69224FB72300F68CA6 /* ManagerManTableViewController.swift in Sources */,
				188A8F5D224FB6F200F68CA6 /* ManagerGooddetailViewController.swift in Sources */,
				CE79C2F7224207D5004FA4F5 /* OrderTableViewCell.swift in Sources */,
				CE9A1B5C2252388E000263A0 /* ConfirmationViewController.swift in Sources */,
				1D5FC0DC223CDAF90065C308 /* ManagerOrderCell.swift in Sources */,
				11460BA3223547A70046DF35 /* memberVC.swift in Sources */,
				CE592A522244D07F00DF552F /* ShoppingcartViewController.swift in Sources */,
				11460BA522354BCC0046DF35 /* loginVC.swift in Sources */,
				CE592A4F2244D07F00DF552F /* Cart.swift in Sources */,
				115832072239078900C4522C /* Common.swift in Sources */,
				1137ECFB2248ACB500F03C4E /* MapVC.swift in Sources */,
				1137ED002248B0C300F03C4E /* DetailVC.swift in Sources */,
				188A8F67224FB72300F68CA6 /* ManagerHomeCollectionViewController.swift in Sources */,
				1841177D224A17BE00D878D5 /* ManTableViewCell.swift in Sources */,
				1152F3B5224A2BE000C96CCF /* Map2VC.swift in Sources */,
				185620242240E2AC0016EB44 /* WomanCollectionviewCell.swift in Sources */,
				1DAF78C9225AD634007FA3F6 /* LastMonthChartVC.swift in Sources */,
				185620202240E0F80016EB44 /* WomanTableViewController.swift in Sources */,
				1137ECFE2248AE4200F03C4E /* Spot.swift in Sources */,
				11583209223A344900C4522C /* User.swift in Sources */,
				1135C36222327745002C9C80 /* signupVC.swift in Sources */,
				1DC451FC22326FA5003BD747 /* Order.swift in Sources */,
				18411785224B135D00D878D5 /* HomeCollectionViewCell.swift in Sources */,
				1841177F224A17BE00D878D5 /* ManTableViewController.swift in Sources */,
				CE592A502244D07F00DF552F /* CartCell.swift in Sources */,
				188A8F68224FB72300F68CA6 /* ManagerWomanCollectionViewCell.swift in Sources */,
				188A8F6A224FB72300F68CA6 /* ManagerHomeCollectionViewCell.swift in Sources */,
				1DAF78C7225AD615007FA3F6 /* ThisMonthChartVC.swift in Sources */,
				1D2BE2C4224206330073BDE6 /* ManagerOrderEditTVC.swift in Sources */,
				188E5C2622537EBB009A166D /* ManagerUpdateGoodTableViewController.swift in Sources */,
				1899233A22323DBD00B9DC1C /* AppDelegate.swift in Sources */,
				1137ECD322436F6100F03C4E /* MemberUpdataVC.swift in Sources */,
				CE592A572244E40600DF552F /* OrderdetailTableViewCell.swift in Sources */,
				188A8F6D224FB72300F68CA6 /* ManagerWomanTableViewCell.swift in Sources */,
			);
			runOnlyForDeploymentPostprocessing = 0;
		};
/* End PBXSourcesBuildPhase section */

/* Begin PBXVariantGroup section */
		1899233D22323DBD00B9DC1C /* Main.storyboard */ = {
			isa = PBXVariantGroup;
			children = (
				1899233E22323DBD00B9DC1C /* Base */,
			);
			name = Main.storyboard;
			sourceTree = "<group>";
		};
		1899234222323DBE00B9DC1C /* LaunchScreen.storyboard */ = {
			isa = PBXVariantGroup;
			children = (
				1899234322323DBE00B9DC1C /* Base */,
			);
			name = LaunchScreen.storyboard;
			sourceTree = "<group>";
		};
/* End PBXVariantGroup section */

/* Begin XCBuildConfiguration section */
		1899234622323DBE00B9DC1C /* Debug */ = {
			isa = XCBuildConfiguration;
			buildSettings = {
				ALWAYS_SEARCH_USER_PATHS = NO;
				CLANG_ANALYZER_NONNULL = YES;
				CLANG_ANALYZER_NUMBER_OBJECT_CONVERSION = YES_AGGRESSIVE;
				CLANG_CXX_LANGUAGE_STANDARD = "gnu++14";
				CLANG_CXX_LIBRARY = "libc++";
				CLANG_ENABLE_MODULES = YES;
				CLANG_ENABLE_OBJC_ARC = YES;
				CLANG_ENABLE_OBJC_WEAK = YES;
				CLANG_WARN_BLOCK_CAPTURE_AUTORELEASING = YES;
				CLANG_WARN_BOOL_CONVERSION = YES;
				CLANG_WARN_COMMA = YES;
				CLANG_WARN_CONSTANT_CONVERSION = YES;
				CLANG_WARN_DEPRECATED_OBJC_IMPLEMENTATIONS = YES;
				CLANG_WARN_DIRECT_OBJC_ISA_USAGE = YES_ERROR;
				CLANG_WARN_DOCUMENTATION_COMMENTS = YES;
				CLANG_WARN_EMPTY_BODY = YES;
				CLANG_WARN_ENUM_CONVERSION = YES;
				CLANG_WARN_INFINITE_RECURSION = YES;
				CLANG_WARN_INT_CONVERSION = YES;
				CLANG_WARN_NON_LITERAL_NULL_CONVERSION = YES;
				CLANG_WARN_OBJC_IMPLICIT_RETAIN_SELF = YES;
				CLANG_WARN_OBJC_LITERAL_CONVERSION = YES;
				CLANG_WARN_OBJC_ROOT_CLASS = YES_ERROR;
				CLANG_WARN_RANGE_LOOP_ANALYSIS = YES;
				CLANG_WARN_STRICT_PROTOTYPES = YES;
				CLANG_WARN_SUSPICIOUS_MOVE = YES;
				CLANG_WARN_UNGUARDED_AVAILABILITY = YES_AGGRESSIVE;
				CLANG_WARN_UNREACHABLE_CODE = YES;
				CLANG_WARN__DUPLICATE_METHOD_MATCH = YES;
				CODE_SIGN_IDENTITY = "iPhone Developer";
				COPY_PHASE_STRIP = NO;
				DEBUG_INFORMATION_FORMAT = dwarf;
				ENABLE_STRICT_OBJC_MSGSEND = YES;
				ENABLE_TESTABILITY = YES;
				GCC_C_LANGUAGE_STANDARD = gnu11;
				GCC_DYNAMIC_NO_PIC = NO;
				GCC_NO_COMMON_BLOCKS = YES;
				GCC_OPTIMIZATION_LEVEL = 0;
				GCC_PREPROCESSOR_DEFINITIONS = (
					"DEBUG=1",
					"$(inherited)",
				);
				GCC_WARN_64_TO_32_BIT_CONVERSION = YES;
				GCC_WARN_ABOUT_RETURN_TYPE = YES_ERROR;
				GCC_WARN_UNDECLARED_SELECTOR = YES;
				GCC_WARN_UNINITIALIZED_AUTOS = YES_AGGRESSIVE;
				GCC_WARN_UNUSED_FUNCTION = YES;
				GCC_WARN_UNUSED_VARIABLE = YES;
				IPHONEOS_DEPLOYMENT_TARGET = 12.2;
				MTL_ENABLE_DEBUG_INFO = INCLUDE_SOURCE;
				MTL_FAST_MATH = YES;
				ONLY_ACTIVE_ARCH = YES;
				SDKROOT = iphoneos;
				SWIFT_ACTIVE_COMPILATION_CONDITIONS = DEBUG;
				SWIFT_OPTIMIZATION_LEVEL = "-Onone";
			};
			name = Debug;
		};
		1899234722323DBE00B9DC1C /* Release */ = {
			isa = XCBuildConfiguration;
			buildSettings = {
				ALWAYS_SEARCH_USER_PATHS = NO;
				CLANG_ANALYZER_NONNULL = YES;
				CLANG_ANALYZER_NUMBER_OBJECT_CONVERSION = YES_AGGRESSIVE;
				CLANG_CXX_LANGUAGE_STANDARD = "gnu++14";
				CLANG_CXX_LIBRARY = "libc++";
				CLANG_ENABLE_MODULES = YES;
				CLANG_ENABLE_OBJC_ARC = YES;
				CLANG_ENABLE_OBJC_WEAK = YES;
				CLANG_WARN_BLOCK_CAPTURE_AUTORELEASING = YES;
				CLANG_WARN_BOOL_CONVERSION = YES;
				CLANG_WARN_COMMA = YES;
				CLANG_WARN_CONSTANT_CONVERSION = YES;
				CLANG_WARN_DEPRECATED_OBJC_IMPLEMENTATIONS = YES;
				CLANG_WARN_DIRECT_OBJC_ISA_USAGE = YES_ERROR;
				CLANG_WARN_DOCUMENTATION_COMMENTS = YES;
				CLANG_WARN_EMPTY_BODY = YES;
				CLANG_WARN_ENUM_CONVERSION = YES;
				CLANG_WARN_INFINITE_RECURSION = YES;
				CLANG_WARN_INT_CONVERSION = YES;
				CLANG_WARN_NON_LITERAL_NULL_CONVERSION = YES;
				CLANG_WARN_OBJC_IMPLICIT_RETAIN_SELF = YES;
				CLANG_WARN_OBJC_LITERAL_CONVERSION = YES;
				CLANG_WARN_OBJC_ROOT_CLASS = YES_ERROR;
				CLANG_WARN_RANGE_LOOP_ANALYSIS = YES;
				CLANG_WARN_STRICT_PROTOTYPES = YES;
				CLANG_WARN_SUSPICIOUS_MOVE = YES;
				CLANG_WARN_UNGUARDED_AVAILABILITY = YES_AGGRESSIVE;
				CLANG_WARN_UNREACHABLE_CODE = YES;
				CLANG_WARN__DUPLICATE_METHOD_MATCH = YES;
				CODE_SIGN_IDENTITY = "iPhone Developer";
				COPY_PHASE_STRIP = NO;
				DEBUG_INFORMATION_FORMAT = "dwarf-with-dsym";
				ENABLE_NS_ASSERTIONS = NO;
				ENABLE_STRICT_OBJC_MSGSEND = YES;
				GCC_C_LANGUAGE_STANDARD = gnu11;
				GCC_NO_COMMON_BLOCKS = YES;
				GCC_WARN_64_TO_32_BIT_CONVERSION = YES;
				GCC_WARN_ABOUT_RETURN_TYPE = YES_ERROR;
				GCC_WARN_UNDECLARED_SELECTOR = YES;
				GCC_WARN_UNINITIALIZED_AUTOS = YES_AGGRESSIVE;
				GCC_WARN_UNUSED_FUNCTION = YES;
				GCC_WARN_UNUSED_VARIABLE = YES;
				IPHONEOS_DEPLOYMENT_TARGET = 12.2;
				MTL_ENABLE_DEBUG_INFO = NO;
				MTL_FAST_MATH = YES;
				SDKROOT = iphoneos;
				SWIFT_COMPILATION_MODE = wholemodule;
				SWIFT_OPTIMIZATION_LEVEL = "-O";
				VALIDATE_PRODUCT = YES;
			};
			name = Release;
		};
		1899234922323DBE00B9DC1C /* Debug */ = {
			isa = XCBuildConfiguration;
			baseConfigurationReference = 895DFD5037B06D226B7E2C73 /* Pods-CP103D_Topic0308.debug.xcconfig */;
			buildSettings = {
				ASSETCATALOG_COMPILER_APPICON_NAME = AppIcon;
				CODE_SIGN_STYLE = Automatic;
				DEVELOPMENT_TEAM = X725M6FRD5;
				INFOPLIST_FILE = CP103D_Topic0308/Info.plist;
				IPHONEOS_DEPLOYMENT_TARGET = 12.1;
				LD_RUNPATH_SEARCH_PATHS = (
					"$(inherited)",
					"@executable_path/Frameworks",
				);
				PRODUCT_BUNDLE_IDENTIFIER = "com.CP103D-Topic0308";
				PRODUCT_NAME = "$(TARGET_NAME)";
				SWIFT_VERSION = 4.2;
				TARGETED_DEVICE_FAMILY = "1,2";
			};
			name = Debug;
		};
		1899234A22323DBE00B9DC1C /* Release */ = {
			isa = XCBuildConfiguration;
			baseConfigurationReference = 3062F7E4DB298F68FFBB86D0 /* Pods-CP103D_Topic0308.release.xcconfig */;
			buildSettings = {
				ASSETCATALOG_COMPILER_APPICON_NAME = AppIcon;
				CODE_SIGN_STYLE = Automatic;
				DEVELOPMENT_TEAM = X725M6FRD5;
				INFOPLIST_FILE = CP103D_Topic0308/Info.plist;
				IPHONEOS_DEPLOYMENT_TARGET = 12.1;
				LD_RUNPATH_SEARCH_PATHS = (
					"$(inherited)",
					"@executable_path/Frameworks",
				);
				PRODUCT_BUNDLE_IDENTIFIER = "com.CP103D-Topic0308";
				PRODUCT_NAME = "$(TARGET_NAME)";
				SWIFT_VERSION = 4.2;
				TARGETED_DEVICE_FAMILY = "1,2";
			};
			name = Release;
		};
/* End XCBuildConfiguration section */

/* Begin XCConfigurationList section */
		1899233122323DBD00B9DC1C /* Build configuration list for PBXProject "CP103D_Topic0308" */ = {
			isa = XCConfigurationList;
			buildConfigurations = (
				1899234622323DBE00B9DC1C /* Debug */,
				1899234722323DBE00B9DC1C /* Release */,
			);
			defaultConfigurationIsVisible = 0;
			defaultConfigurationName = Release;
		};
		1899234822323DBE00B9DC1C /* Build configuration list for PBXNativeTarget "CP103D_Topic0308" */ = {
			isa = XCConfigurationList;
			buildConfigurations = (
				1899234922323DBE00B9DC1C /* Debug */,
				1899234A22323DBE00B9DC1C /* Release */,
			);
			defaultConfigurationIsVisible = 0;
			defaultConfigurationName = Release;
		};
/* End XCConfigurationList section */
	};
	rootObject = 1899232E22323DBD00B9DC1C /* Project object */;
}
